
Microsoft Visual Studio Solution File, Format Version 12.00
# Visual Studio Version 17
VisualStudioVersion = 17.2.32526.322
MinimumVisualStudioVersion = 10.0.40219.1
Project("{FAE04EC0-301F-11D3-BF4B-00C04F79EFBC}") = "WordUnprotector", "WordUnprotector.csproj", "{F4AE3E32-A13A-4470-9D39-2EB95888A626}"
EndProject
Global
	GlobalSection(SolutionConfigurationPlatforms) = preSolution
		Debug|Any CPU = Debug|Any CPU
		Release|Any CPU = Release|Any CPU
	EndGlobalSection
	GlobalSection(ProjectConfigurationPlatforms) = postSolution
		{F4AE3E32-A13A-4470-9D39-2EB95888A626}.Debug|Any CPU.ActiveCfg = Debug|Any CPU
		{F4AE3E32-A13A-4470-9D39-2EB95888A626}.Debug|Any CPU.Build.0 = Debug|Any CPU
		{F4AE3E32-A13A-4470-9D39-2EB95888A626}.Release|Any CPU.ActiveCfg = Release|Any CPU
		{F4AE3E32-A13A-4470-9D39-2EB95888A626}.Release|Any CPU.Build.0 = Release|Any CPU
	EndGlobalSection
	GlobalSection(SolutionProperties) = preSolution
		HideSolutionNode = FALSE
	EndGlobalSection
	GlobalSection(ExtensibilityGlobals) = postSolution
		SolutionGuid = {61CD260E-174E-461C-A7EE-9BC26D87D7B8}
	EndGlobalSection
EndGlobal
